{
  "name": "webp_animated_checker",
  "version": "1.0.0",
  "lockfileVersion": 1,
  "requires": true,
  "dependencies": {
    "is-animated": {
      "version": "2.0.1",
      "resolved": "https://registry.npmjs.org/is-animated/-/is-animated-2.0.1.tgz",
      "integrity": "sha512-f61go8/mYdl6g7JOLbi6YtiJ1AKM9TFdNv2bVP7JlAHm5MPjnvveOkKPlm51beF9ulb5hsGeoqdSXrjJ7RNKHg=="
    },
    "webp-converter": {
      "version": "2.3.2",
      "resolved": "https://registry.npmjs.org/webp-converter/-/webp-converter-2.3.2.tgz",
      "integrity": "sha512-9kQ9Q/MPzUV2mye8Tv7vA6vDIPk77rI4AWWm2vSaCyGAEsxqyVZYeVU2MSJY5fLkf6u7G5K343vLxKubOxz16Q=="
    }
  }
}
